<?xml version="1.0" encoding="utf-8"?>
<Project ToolsVersion="4.0" xmlns="http://schemas.microsoft.com/developer/msbuild/2003">
  <ItemGroup>
    <Filter Include="リソース ファイル">
      <UniqueIdentifier>{67DA6AB6-F800-4c08-8B7A-83BB121AAD01}</UniqueIdentifier>
      <Extensions>rc;ico;cur;bmp;dlg;rc2;rct;bin;rgs;gif;jpg;jpeg;jpe;resx;tiff;tif;png;wav;mfcribbon-ms</Extensions>
    </Filter>
    <Filter Include="リソース ファイル\imgui">
      <UniqueIdentifier>{96842e2d-789a-4ff3-9927-e123e254a5d1}</UniqueIdentifier>
    </Filter>
    <Filter Include="リソース ファイル\gl3w">
      <UniqueIdentifier>{dc05ddb4-2e1a-4051-8402-da0abadc18af}</UniqueIdentifier>
    </Filter>
    <Filter Include="Source">
      <UniqueIdentifier>{4FC737F1-C7A5-4376-A066-2A32D752A2FF}</UniqueIdentifier>
      <Extensions>cpp;c;cc;cxx;c++;cppm;ixx;def;odl;idl;hpj;bat;asm;asmx</Extensions>
    </Filter>
    <Filter Include="Source\Renderer">
      <UniqueIdentifier>{86125845-5e95-455e-ba83-9710385665c8}</UniqueIdentifier>
    </Filter>
    <Filter Include="Source\DebugSystem">
      <UniqueIdentifier>{ae2ee081-5648-4d26-aa3c-b2c1a1d3d862}</UniqueIdentifier>
    </Filter>
    <Filter Include="Source\Scene">
      <UniqueIdentifier>{992cbc5e-3300-4fbd-abfd-a499ebda1c79}</UniqueIdentifier>
    </Filter>
    <Filter Include="Source\Scene\TestScene">
      <UniqueIdentifier>{812f09e8-c832-4b16-aec5-17e393026e36}</UniqueIdentifier>
    </Filter>
    <Filter Include="リソース ファイル\std_image">
      <UniqueIdentifier>{016031fa-b191-4678-b457-5917bfcbbece}</UniqueIdentifier>
    </Filter>
    <Filter Include="Source\ShaderSource">
      <UniqueIdentifier>{bb00bfff-2627-4568-88be-7615ef92ca0e}</UniqueIdentifier>
    </Filter>
    <Filter Include="Source\VertexArray">
      <UniqueIdentifier>{03bc2672-2235-4eac-98f0-547a2c9d7e14}</UniqueIdentifier>
    </Filter>
    <Filter Include="Source\ShaderSource\Basic">
      <UniqueIdentifier>{40ea75f8-bb82-4396-a84e-d0f722f6330c}</UniqueIdentifier>
    </Filter>
    <Filter Include="Source\ShaderSource\Basic\TextureSample">
      <UniqueIdentifier>{e9710761-58e6-4d94-aa98-49841ffedb11}</UniqueIdentifier>
    </Filter>
    <Filter Include="Source\Shader">
      <UniqueIdentifier>{f82beb12-9e69-4c6f-b267-a71432b3bd10}</UniqueIdentifier>
    </Filter>
    <Filter Include="Source\Shader\ShaderManager">
      <UniqueIdentifier>{9080b65f-d11b-42e0-ae40-29163c417cfe}</UniqueIdentifier>
    </Filter>
    <Filter Include="Source\ShaderSource\Simple">
      <UniqueIdentifier>{abcfc2f1-4b0c-4307-b758-d312b326a7f3}</UniqueIdentifier>
    </Filter>
    <Filter Include="Source\Texture">
      <UniqueIdentifier>{75188af1-ae18-43c8-8039-051f44de0914}</UniqueIdentifier>
    </Filter>
    <Filter Include="Source\BasicObject">
      <UniqueIdentifier>{4efb3bee-af82-4ea5-b372-cee58532c010}</UniqueIdentifier>
    </Filter>
    <Filter Include="Source\BasicObject\Triangle">
      <UniqueIdentifier>{475f3ad9-a589-4c08-b33a-bf5ffe71d4b4}</UniqueIdentifier>
    </Filter>
    <Filter Include="Source\BasicObject\Square">
      <UniqueIdentifier>{eb8507a8-7cb3-457f-8d60-b1c87e22453c}</UniqueIdentifier>
    </Filter>
    <Filter Include="Source\BasicObject\Cube">
      <UniqueIdentifier>{9cb006d8-f793-473f-8006-6b7d5eb06ba4}</UniqueIdentifier>
    </Filter>
    <Filter Include="Source\Actor">
      <UniqueIdentifier>{1306b811-efef-4af1-9bec-1e2b0333ccf6}</UniqueIdentifier>
    </Filter>
    <Filter Include="Source\Mesh">
      <UniqueIdentifier>{406cefc8-bbe0-4d3f-8434-7dfa94703690}</UniqueIdentifier>
    </Filter>
    <Filter Include="Source\Pool">
      <UniqueIdentifier>{34f692c6-b224-48c7-bb65-2770ca341b03}</UniqueIdentifier>
    </Filter>
    <Filter Include="Source\Pool\TexturePool">
      <UniqueIdentifier>{7302c3a4-5039-49df-973f-85427f902bfe}</UniqueIdentifier>
    </Filter>
    <Filter Include="Source\Pool\MeshPool">
      <UniqueIdentifier>{1ae2d1bd-a079-4ddf-9f66-6932f8f01dc3}</UniqueIdentifier>
    </Filter>
    <Filter Include="Source\Mesh\OBJ">
      <UniqueIdentifier>{dd802d36-0134-478e-86dd-9804fabfc90e}</UniqueIdentifier>
    </Filter>
    <Filter Include="Source\Component">
      <UniqueIdentifier>{f1e8ab69-7994-44d2-93b4-f10cfec6a5f1}</UniqueIdentifier>
    </Filter>
    <Filter Include="リソース ファイル\tinyobj">
      <UniqueIdentifier>{207c9d3f-de26-40d5-ac36-801ea7cf1385}</UniqueIdentifier>
    </Filter>
    <Filter Include="Source\Component\MeshComponent">
      <UniqueIdentifier>{79cd4911-e9eb-4790-9c4b-c9f757294736}</UniqueIdentifier>
    </Filter>
    <Filter Include="Source\Pool\ActorPool">
      <UniqueIdentifier>{9b78c7ce-c970-478b-ba11-cdbfe9a037d1}</UniqueIdentifier>
    </Filter>
    <Filter Include="Source\Actor\TestActor">
      <UniqueIdentifier>{03862977-c3fa-4817-adc7-fced563b8f7a}</UniqueIdentifier>
    </Filter>
    <Filter Include="Source\Actor\TestActor\Sphere">
      <UniqueIdentifier>{3fbb8a09-2ac5-4a18-a1df-749ad6bb5625}</UniqueIdentifier>
    </Filter>
    <Filter Include="Source\ShaderSource\Basic\BasicMesh">
      <UniqueIdentifier>{9251573b-52af-4ffc-b1f2-cb001bae11fe}</UniqueIdentifier>
    </Filter>
    <Filter Include="Source\Mesh\GPMESH">
      <UniqueIdentifier>{f576bc90-4d13-4496-b29e-690f742576ad}</UniqueIdentifier>
    </Filter>
    <Filter Include="Source\Pool\DebugObjectPool">
      <UniqueIdentifier>{cdbd8675-679f-4f2c-8a8a-59c48c1a2678}</UniqueIdentifier>
    </Filter>
  </ItemGroup>
  <ItemGroup>
    <ClCompile Include="SourceCode\main.cpp">
      <Filter>Source</Filter>
    </ClCompile>
    <ClCompile Include="imgui\imgui.cpp">
      <Filter>リソース ファイル\imgui</Filter>
    </ClCompile>
    <ClCompile Include="imgui\imgui_demo.cpp">
      <Filter>リソース ファイル\imgui</Filter>
    </ClCompile>
    <ClCompile Include="imgui\imgui_draw.cpp">
      <Filter>リソース ファイル\imgui</Filter>
    </ClCompile>
    <ClCompile Include="imgui\imgui_impl_glfw.cpp">
      <Filter>リソース ファイル\imgui</Filter>
    </ClCompile>
    <ClCompile Include="imgui\imgui_impl_opengl3.cpp">
      <Filter>リソース ファイル\imgui</Filter>
    </ClCompile>
    <ClCompile Include="imgui\imgui_tables.cpp">
      <Filter>リソース ファイル\imgui</Filter>
    </ClCompile>
    <ClCompile Include="imgui\imgui_widgets.cpp">
      <Filter>リソース ファイル\imgui</Filter>
    </ClCompile>
    <ClCompile Include="gl3w\gl3w.c">
      <Filter>リソース ファイル\gl3w</Filter>
    </ClCompile>
    <ClCompile Include="SourceCode\GameMain.cpp">
      <Filter>Source</Filter>
    </ClCompile>
    <ClCompile Include="SourceCode\Renderer.cpp">
      <Filter>Source\Renderer</Filter>
    </ClCompile>
    <ClCompile Include="SourceCode\Debugger.cpp">
      <Filter>Source\DebugSystem</Filter>
    </ClCompile>
    <ClCompile Include="SourceCode\TestScene.cpp">
      <Filter>Source\Scene\TestScene</Filter>
    </ClCompile>
    <ClCompile Include="SourceCode\GLSLprogram.cpp">
      <Filter>Source\Shader</Filter>
    </ClCompile>
    <ClCompile Include="SourceCode\GameSettings.cpp">
      <Filter>Source</Filter>
    </ClCompile>
    <ClCompile Include="SourceCode\VertexArray.cpp">
      <Filter>Source\VertexArray</Filter>
    </ClCompile>
    <ClCompile Include="SourceCode\ShaderManager.cpp">
      <Filter>Source\Shader\ShaderManager</Filter>
    </ClCompile>
    <ClCompile Include="SourceCode\Texture.cpp">
      <Filter>Source\Texture</Filter>
    </ClCompile>
    <ClCompile Include="SourceCode\BasicTriangle.cpp">
      <Filter>Source\BasicObject\Triangle</Filter>
    </ClCompile>
    <ClCompile Include="SourceCode\Actor.cpp">
      <Filter>Source\Actor</Filter>
    </ClCompile>
    <ClCompile Include="SourceCode\TexturePool.cpp">
      <Filter>Source\Pool\TexturePool</Filter>
    </ClCompile>
    <ClCompile Include="SourceCode\MeshPool.cpp">
      <Filter>Source\Pool\MeshPool</Filter>
    </ClCompile>
    <ClCompile Include="SourceCode\Mesh.cpp">
      <Filter>Source\Mesh</Filter>
    </ClCompile>
    <ClCompile Include="SourceCode\MeshObj.cpp">
      <Filter>Source\Mesh\OBJ</Filter>
    </ClCompile>
    <ClCompile Include="SourceCode\Component.cpp">
      <Filter>Source\Component</Filter>
    </ClCompile>
    <ClCompile Include="SourceCode\tiny_obj_loader.cc">
      <Filter>リソース ファイル\tinyobj</Filter>
    </ClCompile>
    <ClCompile Include="SourceCode\MeshComponent.cpp">
      <Filter>Source\Component\MeshComponent</Filter>
    </ClCompile>
    <ClCompile Include="SourceCode\ActorPool.cpp">
      <Filter>Source\Pool\ActorPool</Filter>
    </ClCompile>
    <ClCompile Include="SourceCode\DrawableObjectManager.cpp">
      <Filter>Source</Filter>
    </ClCompile>
    <ClCompile Include="SourceCode\TestSphere.cpp">
      <Filter>Source\Actor\TestActor\Sphere</Filter>
    </ClCompile>
    <ClCompile Include="SourceCode\MeshGpmesh.cpp">
      <Filter>Source\Mesh\GPMESH</Filter>
    </ClCompile>
    <ClCompile Include="SourceCode\DebugObjectPool.cpp">
      <Filter>Source\Pool\DebugObjectPool</Filter>
    </ClCompile>
    <ClCompile Include="SourceCode\DebugObjectBase.cpp">
      <Filter>Source\DebugSystem</Filter>
    </ClCompile>
  </ItemGroup>
  <ItemGroup>
    <ClInclude Include="imgui\imconfig.h">
      <Filter>リソース ファイル\imgui</Filter>
    </ClInclude>
    <ClInclude Include="imgui\imgui.h">
      <Filter>リソース ファイル\imgui</Filter>
    </ClInclude>
    <ClInclude Include="imgui\imgui_impl_glfw.h">
      <Filter>リソース ファイル\imgui</Filter>
    </ClInclude>
    <ClInclude Include="imgui\imgui_impl_opengl3.h">
      <Filter>リソース ファイル\imgui</Filter>
    </ClInclude>
    <ClInclude Include="imgui\imgui_internal.h">
      <Filter>リソース ファイル\imgui</Filter>
    </ClInclude>
    <ClInclude Include="imgui\imstb_rectpack.h">
      <Filter>リソース ファイル\imgui</Filter>
    </ClInclude>
    <ClInclude Include="imgui\imstb_textedit.h">
      <Filter>リソース ファイル\imgui</Filter>
    </ClInclude>
    <ClInclude Include="imgui\imstb_truetype.h">
      <Filter>リソース ファイル\imgui</Filter>
    </ClInclude>
    <ClInclude Include="SourceCode\GameMain.h">
      <Filter>Source</Filter>
    </ClInclude>
    <ClInclude Include="SourceCode\Renderer.h">
      <Filter>Source\Renderer</Filter>
    </ClInclude>
    <ClInclude Include="SourceCode\Debugger.h">
      <Filter>Source\DebugSystem</Filter>
    </ClInclude>
    <ClInclude Include="SourceCode\SceneBase.h">
      <Filter>Source\Scene</Filter>
    </ClInclude>
    <ClInclude Include="SourceCode\TestScene.h">
      <Filter>Source\Scene\TestScene</Filter>
    </ClInclude>
    <ClInclude Include="std\stb_image.h">
      <Filter>リソース ファイル\std_image</Filter>
    </ClInclude>
    <ClInclude Include="SourceCode\GLSLprogram.h">
      <Filter>Source\Shader</Filter>
    </ClInclude>
    <ClInclude Include="SourceCode\GameSettings.h">
      <Filter>Source</Filter>
    </ClInclude>
    <ClInclude Include="SourceCode\VertexArray.h">
      <Filter>Source\VertexArray</Filter>
    </ClInclude>
    <ClInclude Include="SourceCode\ShaderManager.h">
      <Filter>Source\Shader\ShaderManager</Filter>
    </ClInclude>
    <ClInclude Include="SourceCode\Texture.h">
      <Filter>Source\Texture</Filter>
    </ClInclude>
    <ClInclude Include="SourceCode\BasicTriangle.h">
      <Filter>Source\BasicObject\Triangle</Filter>
    </ClInclude>
    <ClInclude Include="SourceCode\BasicSquare.h">
      <Filter>Source\BasicObject\Square</Filter>
    </ClInclude>
    <ClInclude Include="SourceCode\DebugTriangle.h">
      <Filter>Source\BasicObject\Triangle</Filter>
    </ClInclude>
    <ClInclude Include="SourceCode\Actor.h">
      <Filter>Source\Actor</Filter>
    </ClInclude>
    <ClInclude Include="SourceCode\DebugObjectBase.h">
      <Filter>Source\DebugSystem</Filter>
    </ClInclude>
    <ClInclude Include="SourceCode\Mesh.h">
      <Filter>Source\Mesh</Filter>
    </ClInclude>
    <ClInclude Include="SourceCode\ObjectPool.h">
      <Filter>Source\Pool</Filter>
    </ClInclude>
    <ClInclude Include="SourceCode\TexturePool.h">
      <Filter>Source\Pool\TexturePool</Filter>
    </ClInclude>
    <ClInclude Include="SourceCode\MeshPool.h">
      <Filter>Source\Pool\MeshPool</Filter>
    </ClInclude>
    <ClInclude Include="SourceCode\MeshObj.h">
      <Filter>Source\Mesh\OBJ</Filter>
    </ClInclude>
    <ClInclude Include="SourceCode\Component.h">
      <Filter>Source\Component</Filter>
    </ClInclude>
    <ClInclude Include="SourceCode\tiny_obj_loader.h">
      <Filter>リソース ファイル\tinyobj</Filter>
    </ClInclude>
    <ClInclude Include="SourceCode\MeshComponent.h">
      <Filter>Source\Component\MeshComponent</Filter>
    </ClInclude>
    <ClInclude Include="SourceCode\ActorPool.h">
      <Filter>Source\Pool\ActorPool</Filter>
    </ClInclude>
    <ClInclude Include="SourceCode\DrawableObjectManager.h">
      <Filter>Source</Filter>
    </ClInclude>
    <ClInclude Include="SourceCode\TestSphere.h">
      <Filter>Source\Actor\TestActor\Sphere</Filter>
    </ClInclude>
    <ClInclude Include="SourceCode\MeshGpmesh.h">
      <Filter>Source\Mesh\GPMESH</Filter>
    </ClInclude>
    <ClInclude Include="SourceCode\DebugObjectPool.h">
      <Filter>Source\Pool\DebugObjectPool</Filter>
    </ClInclude>
  </ItemGroup>
  <ItemGroup>
    <None Include="Shaders\BasicShader.vert">
      <Filter>Source\ShaderSource\Basic</Filter>
    </None>
    <None Include="Shaders\BasicShader_SamplingTexture.frag">
      <Filter>Source\ShaderSource\Basic\TextureSample</Filter>
    </None>
    <None Include="Shaders\SimpleShader_pos_color.frag">
      <Filter>Source\ShaderSource\Simple</Filter>
    </None>
    <None Include="Shaders\SimpleShader_pos_color.vert">
      <Filter>Source\ShaderSource\Simple</Filter>
    </None>
    <None Include="Shaders\BasicShader.frag">
      <Filter>Source\ShaderSource\Basic</Filter>
    </None>
    <None Include="Shaders\BasicMesh.vert">
      <Filter>Source\ShaderSource\Basic\BasicMesh</Filter>
    </None>
    <None Include="Shaders\BasicMesh.frag">
      <Filter>Source\ShaderSource\Basic\BasicMesh</Filter>
    </None>
  </ItemGroup>
</Project>